{
  "version": 4,
  "terraform_version": "1.14.4",
  "serial": 75,
  "lineage": "eee48669-45e8-2974-61d4-32d3ccf06749",
  "outputs": {
    "db_connection_string": {
      "value": "Server=tcp:puregaze2026-sql-pure-gaze.database.windows.net,1433;Initial Catalog=puregaze2026-db;Persist Security Info=False;User ID=puregaze_admin;Password=CoolDevOps2026InnowiseProject;MultipleActiveResultSets=False;Encrypt=True;TrustServerCertificate=False;Connection Timeout=30;",
      "type": "string",
      "sensitive": true
    },
    "static_web_app_api_key": {
      "value": "fc68bca0d09cad971327c517af505d0bf65726c19545fb32a6bf13f4c33d09a506-91c71609-cc40-4d9d-9038-6d03463e751401e172908ccda01e",
      "type": "string",
      "sensitive": true
    },
    "static_web_app_url": {
      "value": "calm-flower-08ccda01e.6.azurestaticapps.net",
      "type": "string"
    },
    "web_app_url": {
      "value": "https://puregaze2026-dev-webapp.azurewebsites.net",
      "type": "string"
    }
  },
  "resources": [
    {
      "mode": "managed",
      "type": "azurerm_linux_web_app",
      "name": "app",
      "provider": "provider[\"registry.terraform.io/hashicorp/azurerm\"]",
      "instances": [
        {
          "schema_version": 1,
          "attributes": {
            "app_settings": {
              "ASPNETCORE_ENVIRONMENT": "Development",
              "CorsOptions__Origins__0": "https://calm-flower-08ccda01e.6.azurestaticapps.net",
              "DatabaseOptions__ConnectionString": "Server=tcp:puregaze2026-sql-pure-gaze.database.windows.net,1433;Initial Catalog=puregaze2026-db;Persist Security Info=False;User ID=puregaze_admin;Password=CoolDevOps2026InnowiseProject;MultipleActiveResultSets=False;Encrypt=True;TrustServerCertificate=False;Connection Timeout=30;",
              "JwtOptions__Audience": "https://puregaze2026-dev-webapp.azurewebsites.net"
            },
            "auth_settings": [
              {
                "active_directory": [],
                "additional_login_parameters": {},
                "allowed_external_redirect_urls": [],
                "default_provider": "",
                "enabled": false,
                "facebook": [],
                "github": [],
                "google": [],
                "issuer": "",
                "microsoft": [],
                "runtime_version": "",
                "token_refresh_extension_hours": 0,
                "token_store_enabled": false,
                "twitter": [],
                "unauthenticated_client_action": ""
              }
            ],
            "auth_settings_v2": [],
            "backup": [],
            "client_affinity_enabled": false,
            "client_certificate_enabled": false,
            "client_certificate_exclusion_paths": "",
            "client_certificate_mode": "Required",
            "connection_string": [],
            "custom_domain_verification_id": "2804BAC63AAF5BF25B83A8049D7DC361692AB0CA6895B040DCB92959E0739442",
            "default_hostname": "puregaze2026-dev-webapp.azurewebsites.net",
            "enabled": true,
            "ftp_publish_basic_authentication_enabled": true,
            "hosting_environment_id": "",
            "https_only": false,
            "id": "/subscriptions/d31d5d47-3663-46fd-8e1a-82193e8db9a0/resourceGroups/puregaze-tf-rg/providers/Microsoft.Web/sites/puregaze2026-dev-webapp",
            "identity": [],
            "key_vault_reference_identity_id": "SystemAssigned",
            "kind": "app,linux",
            "location": "francecentral",
            "logs": [],
            "name": "puregaze2026-dev-webapp",
            "outbound_ip_address_list": [
              "20.40.148.89",
              "20.40.148.122",
              "20.40.148.147",
              "20.40.148.153",
              "20.40.148.178",
              "20.40.148.184",
              "20.43.43.32"
            ],
            "outbound_ip_addresses": "20.40.148.89,20.40.148.122,20.40.148.147,20.40.148.153,20.40.148.178,20.40.148.184,20.43.43.32",
            "possible_outbound_ip_address_list": [
              "20.40.148.89",
              "20.40.148.122",
              "20.40.148.147",
              "20.40.148.153",
              "20.40.148.178",
              "20.40.148.184",
              "20.40.148.188",
              "20.40.148.201",
              "20.40.148.202",
              "20.40.148.207",
              "20.40.148.216",
              "20.40.148.220",
              "20.40.148.224",
              "20.40.148.227",
              "20.40.148.252",
              "20.40.149.13",
              "20.40.149.18",
              "20.40.149.32",
              "40.66.60.83",
              "40.66.61.60",
              "20.74.16.252",
              "20.74.17.94",
              "20.74.17.20",
              "20.74.17.129",
              "20.43.43.32"
            ],
            "possible_outbound_ip_addresses": "20.40.148.89,20.40.148.122,20.40.148.147,20.40.148.153,20.40.148.178,20.40.148.184,20.40.148.188,20.40.148.201,20.40.148.202,20.40.148.207,20.40.148.216,20.40.148.220,20.40.148.224,20.40.148.227,20.40.148.252,20.40.149.13,20.40.149.18,20.40.149.32,40.66.60.83,40.66.61.60,20.74.16.252,20.74.17.94,20.74.17.20,20.74.17.129,20.43.43.32",
            "public_network_access_enabled": true,
            "resource_group_name": "puregaze-tf-rg",
            "service_plan_id": "/subscriptions/d31d5d47-3663-46fd-8e1a-82193e8db9a0/resourceGroups/puregaze-tf-rg/providers/Microsoft.Web/serverFarms/puregaze2026-dev-asp",
            "site_config": [
              {
                "always_on": false,
                "api_definition_url": "",
                "api_management_api_id": "",
                "app_command_line": "",
                "application_stack": [
                  {
                    "docker_image_name": "",
                    "docker_registry_password": "",
                    "docker_registry_url": "",
                    "docker_registry_username": "",
                    "dotnet_version": "9.0",
                    "go_version": "",
                    "java_server": "",
                    "java_server_version": "",
                    "java_version": "",
                    "node_version": "",
                    "php_version": "",
                    "python_version": "",
                    "ruby_version": ""
                  }
                ],
                "auto_heal_setting": [],
                "container_registry_managed_identity_client_id": "",
                "container_registry_use_managed_identity": false,
                "cors": [],
                "default_documents": [
                  "Default.htm",
                  "Default.html",
                  "Default.asp",
                  "index.htm",
                  "index.html",
                  "iisstart.htm",
                  "default.aspx",
                  "index.php",
                  "hostingstart.html"
                ],
                "detailed_error_logging_enabled": false,
                "ftps_state": "Disabled",
                "health_check_eviction_time_in_min": 0,
                "health_check_path": "",
                "http2_enabled": false,
                "ip_restriction": [],
                "ip_restriction_default_action": "Allow",
                "linux_fx_version": "DOTNETCORE|9.0",
                "load_balancing_mode": "LeastRequests",
                "local_mysql_enabled": false,
                "managed_pipeline_mode": "Integrated",
                "minimum_tls_version": "1.2",
                "remote_debugging_enabled": false,
                "remote_debugging_version": "VS2022",
                "scm_ip_restriction": [],
                "scm_ip_restriction_default_action": "Allow",
                "scm_minimum_tls_version": "1.2",
                "scm_type": "None",
                "scm_use_main_ip_restriction": false,
                "use_32_bit_worker": true,
                "vnet_route_all_enabled": false,
                "websockets_enabled": false,
                "worker_count": 1
              }
            ],
            "site_credential": [
              {
                "name": "$puregaze2026-dev-webapp",
                "password": "WyLpMTC0T7CdYWqCxz9b4EAu3zira6j2txuFrsbCGnnR9ov6ieJigeiGAHxT"
              }
            ],
            "sticky_settings": [],
            "storage_account": [],
            "tags": {
              "environment": "dev"
            },
            "timeouts": null,
            "virtual_network_backup_restore_enabled": false,
            "virtual_network_subnet_id": "",
            "vnet_image_pull_enabled": false,
            "webdeploy_publish_basic_authentication_enabled": true,
            "zip_deploy_file": ""
          },
          "sensitive_attributes": [
            [
              {
                "type": "get_attr",
                "value": "app_settings"
              },
              {
                "type": "index",
                "value": {
                  "value": "DatabaseOptions__ConnectionString",
                  "type": "string"
                }
              }
            ],
            [
              {
                "type": "get_attr",
                "value": "custom_domain_verification_id"
              }
            ],
            [
              {
                "type": "get_attr",
                "value": "site_config"
              },
              {
                "type": "index",
                "value": {
                  "value": 0,
                  "type": "number"
                }
              },
              {
                "type": "get_attr",
                "value": "application_stack"
              },
              {
                "type": "index",
                "value": {
                  "value": 0,
                  "type": "number"
                }
              },
              {
                "type": "get_attr",
                "value": "docker_registry_password"
              }
            ],
            [
              {
                "type": "get_attr",
                "value": "site_credential"
              }
            ]
          ],
          "identity_schema_version": 0,
          "private": "eyJlMmJmYjczMC1lY2FhLTExZTYtOGY4OC0zNDM2M2JjN2M0YzAiOnsiY3JlYXRlIjoxODAwMDAwMDAwMDAwLCJkZWxldGUiOjE4MDAwMDAwMDAwMDAsInJlYWQiOjMwMDAwMDAwMDAwMCwidXBkYXRlIjoxODAwMDAwMDAwMDAwfSwic2NoZW1hX3ZlcnNpb24iOiIxIn0=",
          "dependencies": [
            "azurerm_mssql_database.db",
            "azurerm_mssql_server.sqlserver",
            "azurerm_resource_group.rg",
            "azurerm_service_plan.app_plan",
            "azurerm_static_web_app.static_app"
          ]
        }
      ]
    },
    {
      "mode": "managed",
      "type": "azurerm_mssql_database",
      "name": "db",
      "provider": "provider[\"registry.terraform.io/hashicorp/azurerm\"]",
      "instances": [
        {
          "schema_version": 1,
          "attributes": {
            "auto_pause_delay_in_minutes": 0,
            "collation": "SQL_Latin1_General_CP1_CI_AS",
            "create_mode": "Default",
            "creation_source_database_id": null,
            "elastic_pool_id": "",
            "enclave_type": "",
            "geo_backup_enabled": true,
            "id": "/subscriptions/d31d5d47-3663-46fd-8e1a-82193e8db9a0/resourceGroups/puregaze-tf-rg/providers/Microsoft.Sql/servers/puregaze2026-sql-pure-gaze/databases/puregaze2026-db",
            "identity": [],
            "import": [],
            "ledger_enabled": false,
            "license_type": "",
            "long_term_retention_policy": [],
            "maintenance_configuration_name": "SQL_Default",
            "max_size_gb": 0,
            "min_capacity": 0,
            "name": "puregaze2026-db",
            "read_replica_count": 0,
            "read_scale": false,
            "recover_database_id": null,
            "recovery_point_id": null,
            "restore_dropped_database_id": null,
            "restore_long_term_retention_backup_id": null,
            "restore_point_in_time": null,
            "sample_name": null,
            "secondary_type": "",
            "server_id": "/subscriptions/d31d5d47-3663-46fd-8e1a-82193e8db9a0/resourceGroups/puregaze-tf-rg/providers/Microsoft.Sql/servers/puregaze2026-sql-pure-gaze",
            "short_term_retention_policy": [],
            "sku_name": "Free",
            "storage_account_type": "Geo",
            "tags": {},
            "threat_detection_policy": [
              {
                "disabled_alerts": [],
                "email_account_admins": "Disabled",
                "email_addresses": [],
                "retention_days": 0,
                "state": "Disabled",
                "storage_account_access_key": "",
                "storage_endpoint": ""
              }
            ],
            "timeouts": null,
            "transparent_data_encryption_enabled": true,
            "transparent_data_encryption_key_automatic_rotation_enabled": false,
            "transparent_data_encryption_key_vault_key_id": "",
            "zone_redundant": false
          },
          "sensitive_attributes": [
            [
              {
                "type": "get_attr",
                "value": "threat_detection_policy"
              },
              {
                "type": "index",
                "value": {
                  "value": 0,
                  "type": "number"
                }
              },
              {
                "type": "get_attr",
                "value": "storage_account_access_key"
              }
            ]
          ],
          "identity_schema_version": 0,
          "private": "eyJlMmJmYjczMC1lY2FhLTExZTYtOGY4OC0zNDM2M2JjN2M0YzAiOnsiY3JlYXRlIjozNjAwMDAwMDAwMDAwLCJkZWxldGUiOjM2MDAwMDAwMDAwMDAsInJlYWQiOjMwMDAwMDAwMDAwMCwidXBkYXRlIjozNjAwMDAwMDAwMDAwfSwic2NoZW1hX3ZlcnNpb24iOiIxIn0=",
          "dependencies": [
            "azurerm_mssql_server.sqlserver",
            "azurerm_resource_group.rg"
          ]
        }
      ]
    },
    {
      "mode": "managed",
      "type": "azurerm_mssql_firewall_rule",
      "name": "allow_azure_services",
      "provider": "provider[\"registry.terraform.io/hashicorp/azurerm\"]",
      "instances": [
        {
          "schema_version": 0,
          "attributes": {
            "end_ip_address": "0.0.0.0",
            "id": "/subscriptions/d31d5d47-3663-46fd-8e1a-82193e8db9a0/resourceGroups/puregaze-tf-rg/providers/Microsoft.Sql/servers/puregaze2026-sql-pure-gaze/firewallRules/AllowAzureServices",
            "name": "AllowAzureServices",
            "server_id": "/subscriptions/d31d5d47-3663-46fd-8e1a-82193e8db9a0/resourceGroups/puregaze-tf-rg/providers/Microsoft.Sql/servers/puregaze2026-sql-pure-gaze",
            "start_ip_address": "0.0.0.0",
            "timeouts": null
          },
          "sensitive_attributes": [],
          "identity_schema_version": 0,
          "private": "eyJlMmJmYjczMC1lY2FhLTExZTYtOGY4OC0zNDM2M2JjN2M0YzAiOnsiY3JlYXRlIjoxODAwMDAwMDAwMDAwLCJkZWxldGUiOjE4MDAwMDAwMDAwMDAsInJlYWQiOjMwMDAwMDAwMDAwMCwidXBkYXRlIjoxODAwMDAwMDAwMDAwfX0=",
          "dependencies": [
            "azurerm_mssql_server.sqlserver",
            "azurerm_resource_group.rg"
          ]
        }
      ]
    },
    {
      "mode": "managed",
      "type": "azurerm_mssql_server",
      "name": "sqlserver",
      "provider": "provider[\"registry.terraform.io/hashicorp/azurerm\"]",
      "instances": [
        {
          "schema_version": 0,
          "attributes": {
            "administrator_login": "puregaze_admin",
            "administrator_login_password": "CoolDevOps2026InnowiseProject",
            "administrator_login_password_wo": null,
            "administrator_login_password_wo_version": 0,
            "azuread_administrator": [],
            "connection_policy": "Default",
            "express_vulnerability_assessment_enabled": false,
            "fully_qualified_domain_name": "puregaze2026-sql-pure-gaze.database.windows.net",
            "id": "/subscriptions/d31d5d47-3663-46fd-8e1a-82193e8db9a0/resourceGroups/puregaze-tf-rg/providers/Microsoft.Sql/servers/puregaze2026-sql-pure-gaze",
            "identity": [],
            "location": "francecentral",
            "minimum_tls_version": "1.2",
            "name": "puregaze2026-sql-pure-gaze",
            "outbound_network_restriction_enabled": false,
            "primary_user_assigned_identity_id": "",
            "public_network_access_enabled": true,
            "resource_group_name": "puregaze-tf-rg",
            "restorable_dropped_database_ids": [],
            "tags": {},
            "timeouts": null,
            "transparent_data_encryption_key_vault_key_id": "",
            "version": "12.0"
          },
          "sensitive_attributes": [
            [
              {
                "type": "get_attr",
                "value": "administrator_login_password"
              }
            ],
            [
              {
                "type": "get_attr",
                "value": "administrator_login_password_wo"
              }
            ]
          ],
          "identity_schema_version": 0,
          "identity": {
            "name": "puregaze2026-sql-pure-gaze",
            "resource_group_name": "puregaze-tf-rg",
            "subscription_id": "d31d5d47-3663-46fd-8e1a-82193e8db9a0"
          },
          "private": "eyJlMmJmYjczMC1lY2FhLTExZTYtOGY4OC0zNDM2M2JjN2M0YzAiOnsiY3JlYXRlIjozNjAwMDAwMDAwMDAwLCJkZWxldGUiOjM2MDAwMDAwMDAwMDAsInJlYWQiOjMwMDAwMDAwMDAwMCwidXBkYXRlIjozNjAwMDAwMDAwMDAwfX0=",
          "dependencies": [
            "azurerm_resource_group.rg"
          ]
        }
      ]
    },
    {
      "mode": "managed",
      "type": "azurerm_resource_group",
      "name": "rg",
      "provider": "provider[\"registry.terraform.io/hashicorp/azurerm\"]",
      "instances": [
        {
          "schema_version": 0,
          "attributes": {
            "id": "/subscriptions/d31d5d47-3663-46fd-8e1a-82193e8db9a0/resourceGroups/puregaze-tf-rg",
            "location": "francecentral",
            "managed_by": "",
            "name": "puregaze-tf-rg",
            "tags": {},
            "timeouts": null
          },
          "sensitive_attributes": [],
          "identity_schema_version": 0,
          "identity": {
            "name": "puregaze-tf-rg",
            "subscription_id": "d31d5d47-3663-46fd-8e1a-82193e8db9a0"
          },
          "private": "eyJlMmJmYjczMC1lY2FhLTExZTYtOGY4OC0zNDM2M2JjN2M0YzAiOnsiY3JlYXRlIjo1NDAwMDAwMDAwMDAwLCJkZWxldGUiOjU0MDAwMDAwMDAwMDAsInJlYWQiOjMwMDAwMDAwMDAwMCwidXBkYXRlIjo1NDAwMDAwMDAwMDAwfX0="
        }
      ]
    },
    {
      "mode": "managed",
      "type": "azurerm_service_plan",
      "name": "app_plan",
      "provider": "provider[\"registry.terraform.io/hashicorp/azurerm\"]",
      "instances": [
        {
          "schema_version": 1,
          "attributes": {
            "app_service_environment_id": "",
            "id": "/subscriptions/d31d5d47-3663-46fd-8e1a-82193e8db9a0/resourceGroups/puregaze-tf-rg/providers/Microsoft.Web/serverFarms/puregaze2026-dev-asp",
            "kind": "linux",
            "location": "francecentral",
            "maximum_elastic_worker_count": 1,
            "name": "puregaze2026-dev-asp",
            "os_type": "Linux",
            "per_site_scaling_enabled": false,
            "premium_plan_auto_scale_enabled": false,
            "reserved": true,
            "resource_group_name": "puregaze-tf-rg",
            "sku_name": "F1",
            "tags": {
              "environment": "dev"
            },
            "timeouts": null,
            "worker_count": 1,
            "zone_balancing_enabled": false
          },
          "sensitive_attributes": [],
          "identity_schema_version": 0,
          "identity": {
            "name": "puregaze2026-dev-asp",
            "resource_group_name": "puregaze-tf-rg",
            "subscription_id": "d31d5d47-3663-46fd-8e1a-82193e8db9a0"
          },
          "private": "eyJlMmJmYjczMC1lY2FhLTExZTYtOGY4OC0zNDM2M2JjN2M0YzAiOnsiY3JlYXRlIjozNjAwMDAwMDAwMDAwLCJkZWxldGUiOjM2MDAwMDAwMDAwMDAsInJlYWQiOjMwMDAwMDAwMDAwMCwidXBkYXRlIjozNjAwMDAwMDAwMDAwfSwic2NoZW1hX3ZlcnNpb24iOiIxIn0=",
          "dependencies": [
            "azurerm_resource_group.rg"
          ]
        }
      ]
    },
    {
      "mode": "managed",
      "type": "azurerm_static_web_app",
      "name": "static_app",
      "provider": "provider[\"registry.terraform.io/hashicorp/azurerm\"]",
      "instances": [
        {
          "schema_version": 0,
          "attributes": {
            "api_key": "fc68bca0d09cad971327c517af505d0bf65726c19545fb32a6bf13f4c33d09a506-91c71609-cc40-4d9d-9038-6d03463e751401e172908ccda01e",
            "app_settings": {},
            "basic_auth": [],
            "configuration_file_changes_enabled": true,
            "default_host_name": "calm-flower-08ccda01e.6.azurestaticapps.net",
            "id": "/subscriptions/d31d5d47-3663-46fd-8e1a-82193e8db9a0/resourceGroups/puregaze-tf-rg/providers/Microsoft.Web/staticSites/puregaze2026-dev-swa",
            "identity": [],
            "location": "westus2",
            "name": "puregaze2026-dev-swa",
            "preview_environments_enabled": true,
            "public_network_access_enabled": true,
            "repository_branch": "develop-add-CI/CD-yaml-files",
            "repository_token": "",
            "repository_url": "https://github.com/nantonov/PureGaze",
            "resource_group_name": "puregaze-tf-rg",
            "sku_size": "Free",
            "sku_tier": "Free",
            "tags": {
              "environment": "dev"
            },
            "timeouts": null
          },
          "sensitive_attributes": [
            [
              {
                "type": "get_attr",
                "value": "api_key"
              }
            ],
            [
              {
                "type": "get_attr",
                "value": "repository_token"
              }
            ]
          ],
          "identity_schema_version": 0,
          "private": "eyJlMmJmYjczMC1lY2FhLTExZTYtOGY4OC0zNDM2M2JjN2M0YzAiOnsiY3JlYXRlIjoxODAwMDAwMDAwMDAwLCJkZWxldGUiOjE4MDAwMDAwMDAwMDAsInJlYWQiOjMwMDAwMDAwMDAwMCwidXBkYXRlIjoxODAwMDAwMDAwMDAwfX0=",
          "dependencies": [
            "azurerm_resource_group.rg"
          ]
        }
      ]
    }
  ],
  "check_results": null
}
