
Microsoft Visual Studio Solution File, Format Version 12.00
# Visual Studio Version 17
VisualStudioVersion = 17.14.36623.8
MinimumVisualStudioVersion = 10.0.40219.1
Project("{2150E333-8FDC-42A3-9474-1A3956D46DE8}") = "Assessment", "Assessment", "{02EA681E-C7D8-13C7-8484-4AC65E1B71E8}"
EndProject
Project("{FAE04EC0-301F-11D3-BF4B-00C04F79EFBC}") = "Assessment.Api", "Assessment.Api\Assessment.Api.csproj", "{55A76CB0-FA15-4A20-ADF7-1E23DD9B3649}"
EndProject
Project("{2150E333-8FDC-42A3-9474-1A3956D46DE8}") = "Notification", "Notification", "{303250CA-35A2-4E9E-B756-5E864BF64294}"
EndProject
Project("{FAE04EC0-301F-11D3-BF4B-00C04F79EFBC}") = "Notification.Api", "Notification.Api\Notification.Api.csproj", "{320A848F-D76D-449D-9329-0C8844E69D30}"
EndProject
Project("{2150E333-8FDC-42A3-9474-1A3956D46DE8}") = "Management", "Management", "{7F120B97-8E4B-447E-BC03-9D5467BEFCC4}"
EndProject
Project("{FAE04EC0-301F-11D3-BF4B-00C04F79EFBC}") = "Management.Api", "Management.Api\Management.Api.csproj", "{FCDFEEFC-5AEB-4569-9184-E4E76ED03C91}"
EndProject
Global
	GlobalSection(SolutionConfigurationPlatforms) = preSolution
		Debug|Any CPU = Debug|Any CPU
		Release|Any CPU = Release|Any CPU
	EndGlobalSection
	GlobalSection(ProjectConfigurationPlatforms) = postSolution
		{55A76CB0-FA15-4A20-ADF7-1E23DD9B3649}.Debug|Any CPU.ActiveCfg = Debug|Any CPU
		{55A76CB0-FA15-4A20-ADF7-1E23DD9B3649}.Debug|Any CPU.Build.0 = Debug|Any CPU
		{55A76CB0-FA15-4A20-ADF7-1E23DD9B3649}.Release|Any CPU.ActiveCfg = Release|Any CPU
		{55A76CB0-FA15-4A20-ADF7-1E23DD9B3649}.Release|Any CPU.Build.0 = Release|Any CPU
		{320A848F-D76D-449D-9329-0C8844E69D30}.Debug|Any CPU.ActiveCfg = Debug|Any CPU
		{320A848F-D76D-449D-9329-0C8844E69D30}.Debug|Any CPU.Build.0 = Debug|Any CPU
		{320A848F-D76D-449D-9329-0C8844E69D30}.Release|Any CPU.ActiveCfg = Release|Any CPU
		{320A848F-D76D-449D-9329-0C8844E69D30}.Release|Any CPU.Build.0 = Release|Any CPU
		{FCDFEEFC-5AEB-4569-9184-E4E76ED03C91}.Debug|Any CPU.ActiveCfg = Debug|Any CPU
		{FCDFEEFC-5AEB-4569-9184-E4E76ED03C91}.Debug|Any CPU.Build.0 = Debug|Any CPU
		{FCDFEEFC-5AEB-4569-9184-E4E76ED03C91}.Release|Any CPU.ActiveCfg = Release|Any CPU
		{FCDFEEFC-5AEB-4569-9184-E4E76ED03C91}.Release|Any CPU.Build.0 = Release|Any CPU
	EndGlobalSection
	GlobalSection(SolutionProperties) = preSolution
		HideSolutionNode = FALSE
	EndGlobalSection
	GlobalSection(NestedProjects) = preSolution
		{55A76CB0-FA15-4A20-ADF7-1E23DD9B3649} = {02EA681E-C7D8-13C7-8484-4AC65E1B71E8}
		{320A848F-D76D-449D-9329-0C8844E69D30} = {303250CA-35A2-4E9E-B756-5E864BF64294}
		{FCDFEEFC-5AEB-4569-9184-E4E76ED03C91} = {7F120B97-8E4B-447E-BC03-9D5467BEFCC4}
	EndGlobalSection
	GlobalSection(ExtensibilityGlobals) = postSolution
		SolutionGuid = {8780AC97-B746-4F68-AB78-2A429ED0777D}
	EndGlobalSection
EndGlobal
