
Microsoft Visual Studio Solution File, Format Version 12.00
# Visual Studio Version 17
VisualStudioVersion = 17.14.36623.8
MinimumVisualStudioVersion = 10.0.40219.1
Project("{2150E333-8FDC-42A3-9474-1A3956D46DE8}") = "Assessment", "Assessment", "{02EA681E-C7D8-13C7-8484-4AC65E1B71E8}"
EndProject
Project("{FAE04EC0-301F-11D3-BF4B-00C04F79EFBC}") = "Assessment.Api", "Assessment.Api\Assessment.Api.csproj", "{55A76CB0-FA15-4A20-ADF7-1E23DD9B3649}"
EndProject
Project("{2150E333-8FDC-42A3-9474-1A3956D46DE8}") = "Notification", "Notification", "{303250CA-35A2-4E9E-B756-5E864BF64294}"
EndProject
Project("{FAE04EC0-301F-11D3-BF4B-00C04F79EFBC}") = "Notification.Api", "Notification.Api\Notification.Api.csproj", "{320A848F-D76D-449D-9329-0C8844E69D30}"
EndProject
Project("{2150E333-8FDC-42A3-9474-1A3956D46DE8}") = "Management", "Management", "{7F120B97-8E4B-447E-BC03-9D5467BEFCC4}"
EndProject
Project("{FAE04EC0-301F-11D3-BF4B-00C04F79EFBC}") = "Management.Api", "Management.Api\Management.Api.csproj", "{FCDFEEFC-5AEB-4569-9184-E4E76ED03C91}"
EndProject
Project("{FAE04EC0-301F-11D3-BF4B-00C04F79EFBC}") = "Assessment.Application", "Assessment.Application\Assessment.Application.csproj", "{7728C0E1-4DEB-47E2-95AF-5A1EA8A24D5A}"
EndProject
Project("{FAE04EC0-301F-11D3-BF4B-00C04F79EFBC}") = "Assessment.Common", "Assessment.Common\Assessment.Common.csproj", "{1E0FD419-8757-4760-BC4C-9C25868228B4}"
EndProject
Project("{FAE04EC0-301F-11D3-BF4B-00C04F79EFBC}") = "Assessment.Infrastructure", "Assessment.Infrastructure\Assessment.Infrastructure.csproj", "{55AF7205-A70A-47A3-85C8-52441425377F}"
EndProject
Project("{FAE04EC0-301F-11D3-BF4B-00C04F79EFBC}") = "Management.Application", "Management.Application\Management.Application.csproj", "{14F43DED-D972-4AC2-9CE6-F9A2303D068F}"
EndProject
Project("{FAE04EC0-301F-11D3-BF4B-00C04F79EFBC}") = "Management.Infrastructure", "Management.Infrastructure\Management.Infrastructure.csproj", "{4DA7323F-3D6C-420B-BBBC-8AD85A525DF9}"
EndProject
Project("{FAE04EC0-301F-11D3-BF4B-00C04F79EFBC}") = "Management.Common", "Management.Common\Management.Common.csproj", "{72EF4365-F525-4FB9-A59A-04D84EAA7AA4}"
EndProject
Project("{FAE04EC0-301F-11D3-BF4B-00C04F79EFBC}") = "Notification.Application", "Notification.Application\Notification.Application.csproj", "{21F675B3-C365-4431-B57C-9B0D90706AAB}"
EndProject
Project("{2150E333-8FDC-42A3-9474-1A3956D46DE8}") = "Common", "Common", "{A29C7655-D02F-438C-B924-75DFD94964C7}"
EndProject
Project("{FAE04EC0-301F-11D3-BF4B-00C04F79EFBC}") = "Common.DAL", "Common.DAL\Common.DAL.csproj", "{6C8FD4B8-9F21-4C3C-BCCE-6242AE238190}"
EndProject
Project("{FAE04EC0-301F-11D3-BF4B-00C04F79EFBC}") = "Common.Domain", "Common.Domain\Common.Domain.csproj", "{7717BF01-9030-46A7-82EB-4ACDEAE2EA2F}"
EndProject
Project("{FAE04EC0-301F-11D3-BF4B-00C04F79EFBC}") = "Common.Data", "Common.Data\Common.Data.csproj", "{1827B176-440C-4497-A6E8-C1285ABE3896}"
EndProject
Project("{FAE04EC0-301F-11D3-BF4B-00C04F79EFBC}") = "Notification.Infrastructure", "Notification.Infrastructure\Notification.Infrastructure.csproj", "{6057B9CE-C9FD-47F9-8F56-6F51886A6CE0}"
EndProject
Global
	GlobalSection(SolutionConfigurationPlatforms) = preSolution
		Debug|Any CPU = Debug|Any CPU
		Debug|x64 = Debug|x64
		Debug|x86 = Debug|x86
		Release|Any CPU = Release|Any CPU
		Release|x64 = Release|x64
		Release|x86 = Release|x86
	EndGlobalSection
	GlobalSection(ProjectConfigurationPlatforms) = postSolution
		{55A76CB0-FA15-4A20-ADF7-1E23DD9B3649}.Debug|Any CPU.ActiveCfg = Debug|Any CPU
		{55A76CB0-FA15-4A20-ADF7-1E23DD9B3649}.Debug|Any CPU.Build.0 = Debug|Any CPU
		{55A76CB0-FA15-4A20-ADF7-1E23DD9B3649}.Debug|x64.ActiveCfg = Debug|Any CPU
		{55A76CB0-FA15-4A20-ADF7-1E23DD9B3649}.Debug|x64.Build.0 = Debug|Any CPU
		{55A76CB0-FA15-4A20-ADF7-1E23DD9B3649}.Debug|x86.ActiveCfg = Debug|Any CPU
		{55A76CB0-FA15-4A20-ADF7-1E23DD9B3649}.Debug|x86.Build.0 = Debug|Any CPU
		{55A76CB0-FA15-4A20-ADF7-1E23DD9B3649}.Release|Any CPU.ActiveCfg = Release|Any CPU
		{55A76CB0-FA15-4A20-ADF7-1E23DD9B3649}.Release|Any CPU.Build.0 = Release|Any CPU
		{55A76CB0-FA15-4A20-ADF7-1E23DD9B3649}.Release|x64.ActiveCfg = Release|Any CPU
		{55A76CB0-FA15-4A20-ADF7-1E23DD9B3649}.Release|x64.Build.0 = Release|Any CPU
		{55A76CB0-FA15-4A20-ADF7-1E23DD9B3649}.Release|x86.ActiveCfg = Release|Any CPU
		{55A76CB0-FA15-4A20-ADF7-1E23DD9B3649}.Release|x86.Build.0 = Release|Any CPU
		{320A848F-D76D-449D-9329-0C8844E69D30}.Debug|Any CPU.ActiveCfg = Debug|Any CPU
		{320A848F-D76D-449D-9329-0C8844E69D30}.Debug|Any CPU.Build.0 = Debug|Any CPU
		{320A848F-D76D-449D-9329-0C8844E69D30}.Debug|x64.ActiveCfg = Debug|Any CPU
		{320A848F-D76D-449D-9329-0C8844E69D30}.Debug|x64.Build.0 = Debug|Any CPU
		{320A848F-D76D-449D-9329-0C8844E69D30}.Debug|x86.ActiveCfg = Debug|Any CPU
		{320A848F-D76D-449D-9329-0C8844E69D30}.Debug|x86.Build.0 = Debug|Any CPU
		{320A848F-D76D-449D-9329-0C8844E69D30}.Release|Any CPU.ActiveCfg = Release|Any CPU
		{320A848F-D76D-449D-9329-0C8844E69D30}.Release|Any CPU.Build.0 = Release|Any CPU
		{320A848F-D76D-449D-9329-0C8844E69D30}.Release|x64.ActiveCfg = Release|Any CPU
		{320A848F-D76D-449D-9329-0C8844E69D30}.Release|x64.Build.0 = Release|Any CPU
		{320A848F-D76D-449D-9329-0C8844E69D30}.Release|x86.ActiveCfg = Release|Any CPU
		{320A848F-D76D-449D-9329-0C8844E69D30}.Release|x86.Build.0 = Release|Any CPU
		{FCDFEEFC-5AEB-4569-9184-E4E76ED03C91}.Debug|Any CPU.ActiveCfg = Debug|Any CPU
		{FCDFEEFC-5AEB-4569-9184-E4E76ED03C91}.Debug|Any CPU.Build.0 = Debug|Any CPU
		{FCDFEEFC-5AEB-4569-9184-E4E76ED03C91}.Debug|x64.ActiveCfg = Debug|Any CPU
		{FCDFEEFC-5AEB-4569-9184-E4E76ED03C91}.Debug|x64.Build.0 = Debug|Any CPU
		{FCDFEEFC-5AEB-4569-9184-E4E76ED03C91}.Debug|x86.ActiveCfg = Debug|Any CPU
		{FCDFEEFC-5AEB-4569-9184-E4E76ED03C91}.Debug|x86.Build.0 = Debug|Any CPU
		{FCDFEEFC-5AEB-4569-9184-E4E76ED03C91}.Release|Any CPU.ActiveCfg = Release|Any CPU
		{FCDFEEFC-5AEB-4569-9184-E4E76ED03C91}.Release|Any CPU.Build.0 = Release|Any CPU
		{FCDFEEFC-5AEB-4569-9184-E4E76ED03C91}.Release|x64.ActiveCfg = Release|Any CPU
		{FCDFEEFC-5AEB-4569-9184-E4E76ED03C91}.Release|x64.Build.0 = Release|Any CPU
		{FCDFEEFC-5AEB-4569-9184-E4E76ED03C91}.Release|x86.ActiveCfg = Release|Any CPU
		{FCDFEEFC-5AEB-4569-9184-E4E76ED03C91}.Release|x86.Build.0 = Release|Any CPU
		{7728C0E1-4DEB-47E2-95AF-5A1EA8A24D5A}.Debug|Any CPU.ActiveCfg = Debug|Any CPU
		{7728C0E1-4DEB-47E2-95AF-5A1EA8A24D5A}.Debug|Any CPU.Build.0 = Debug|Any CPU
		{7728C0E1-4DEB-47E2-95AF-5A1EA8A24D5A}.Debug|x64.ActiveCfg = Debug|Any CPU
		{7728C0E1-4DEB-47E2-95AF-5A1EA8A24D5A}.Debug|x64.Build.0 = Debug|Any CPU
		{7728C0E1-4DEB-47E2-95AF-5A1EA8A24D5A}.Debug|x86.ActiveCfg = Debug|Any CPU
		{7728C0E1-4DEB-47E2-95AF-5A1EA8A24D5A}.Debug|x86.Build.0 = Debug|Any CPU
		{7728C0E1-4DEB-47E2-95AF-5A1EA8A24D5A}.Release|Any CPU.ActiveCfg = Release|Any CPU
		{7728C0E1-4DEB-47E2-95AF-5A1EA8A24D5A}.Release|Any CPU.Build.0 = Release|Any CPU
		{7728C0E1-4DEB-47E2-95AF-5A1EA8A24D5A}.Release|x64.ActiveCfg = Release|Any CPU
		{7728C0E1-4DEB-47E2-95AF-5A1EA8A24D5A}.Release|x64.Build.0 = Release|Any CPU
		{7728C0E1-4DEB-47E2-95AF-5A1EA8A24D5A}.Release|x86.ActiveCfg = Release|Any CPU
		{7728C0E1-4DEB-47E2-95AF-5A1EA8A24D5A}.Release|x86.Build.0 = Release|Any CPU
		{1E0FD419-8757-4760-BC4C-9C25868228B4}.Debug|Any CPU.ActiveCfg = Debug|Any CPU
		{1E0FD419-8757-4760-BC4C-9C25868228B4}.Debug|Any CPU.Build.0 = Debug|Any CPU
		{1E0FD419-8757-4760-BC4C-9C25868228B4}.Debug|x64.ActiveCfg = Debug|Any CPU
		{1E0FD419-8757-4760-BC4C-9C25868228B4}.Debug|x64.Build.0 = Debug|Any CPU
		{1E0FD419-8757-4760-BC4C-9C25868228B4}.Debug|x86.ActiveCfg = Debug|Any CPU
		{1E0FD419-8757-4760-BC4C-9C25868228B4}.Debug|x86.Build.0 = Debug|Any CPU
		{1E0FD419-8757-4760-BC4C-9C25868228B4}.Release|Any CPU.ActiveCfg = Release|Any CPU
		{1E0FD419-8757-4760-BC4C-9C25868228B4}.Release|Any CPU.Build.0 = Release|Any CPU
		{1E0FD419-8757-4760-BC4C-9C25868228B4}.Release|x64.ActiveCfg = Release|Any CPU
		{1E0FD419-8757-4760-BC4C-9C25868228B4}.Release|x64.Build.0 = Release|Any CPU
		{1E0FD419-8757-4760-BC4C-9C25868228B4}.Release|x86.ActiveCfg = Release|Any CPU
		{1E0FD419-8757-4760-BC4C-9C25868228B4}.Release|x86.Build.0 = Release|Any CPU
		{55AF7205-A70A-47A3-85C8-52441425377F}.Debug|Any CPU.ActiveCfg = Debug|Any CPU
		{55AF7205-A70A-47A3-85C8-52441425377F}.Debug|Any CPU.Build.0 = Debug|Any CPU
		{55AF7205-A70A-47A3-85C8-52441425377F}.Debug|x64.ActiveCfg = Debug|Any CPU
		{55AF7205-A70A-47A3-85C8-52441425377F}.Debug|x64.Build.0 = Debug|Any CPU
		{55AF7205-A70A-47A3-85C8-52441425377F}.Debug|x86.ActiveCfg = Debug|Any CPU
		{55AF7205-A70A-47A3-85C8-52441425377F}.Debug|x86.Build.0 = Debug|Any CPU
		{55AF7205-A70A-47A3-85C8-52441425377F}.Release|Any CPU.ActiveCfg = Release|Any CPU
		{55AF7205-A70A-47A3-85C8-52441425377F}.Release|Any CPU.Build.0 = Release|Any CPU
		{55AF7205-A70A-47A3-85C8-52441425377F}.Release|x64.ActiveCfg = Release|Any CPU
		{55AF7205-A70A-47A3-85C8-52441425377F}.Release|x64.Build.0 = Release|Any CPU
		{55AF7205-A70A-47A3-85C8-52441425377F}.Release|x86.ActiveCfg = Release|Any CPU
		{55AF7205-A70A-47A3-85C8-52441425377F}.Release|x86.Build.0 = Release|Any CPU
		{14F43DED-D972-4AC2-9CE6-F9A2303D068F}.Debug|Any CPU.ActiveCfg = Debug|Any CPU
		{14F43DED-D972-4AC2-9CE6-F9A2303D068F}.Debug|Any CPU.Build.0 = Debug|Any CPU
		{14F43DED-D972-4AC2-9CE6-F9A2303D068F}.Debug|x64.ActiveCfg = Debug|Any CPU
		{14F43DED-D972-4AC2-9CE6-F9A2303D068F}.Debug|x64.Build.0 = Debug|Any CPU
		{14F43DED-D972-4AC2-9CE6-F9A2303D068F}.Debug|x86.ActiveCfg = Debug|Any CPU
		{14F43DED-D972-4AC2-9CE6-F9A2303D068F}.Debug|x86.Build.0 = Debug|Any CPU
		{14F43DED-D972-4AC2-9CE6-F9A2303D068F}.Release|Any CPU.ActiveCfg = Release|Any CPU
		{14F43DED-D972-4AC2-9CE6-F9A2303D068F}.Release|Any CPU.Build.0 = Release|Any CPU
		{14F43DED-D972-4AC2-9CE6-F9A2303D068F}.Release|x64.ActiveCfg = Release|Any CPU
		{14F43DED-D972-4AC2-9CE6-F9A2303D068F}.Release|x64.Build.0 = Release|Any CPU
		{14F43DED-D972-4AC2-9CE6-F9A2303D068F}.Release|x86.ActiveCfg = Release|Any CPU
		{14F43DED-D972-4AC2-9CE6-F9A2303D068F}.Release|x86.Build.0 = Release|Any CPU
		{4DA7323F-3D6C-420B-BBBC-8AD85A525DF9}.Debug|Any CPU.ActiveCfg = Debug|Any CPU
		{4DA7323F-3D6C-420B-BBBC-8AD85A525DF9}.Debug|Any CPU.Build.0 = Debug|Any CPU
		{4DA7323F-3D6C-420B-BBBC-8AD85A525DF9}.Debug|x64.ActiveCfg = Debug|Any CPU
		{4DA7323F-3D6C-420B-BBBC-8AD85A525DF9}.Debug|x64.Build.0 = Debug|Any CPU
		{4DA7323F-3D6C-420B-BBBC-8AD85A525DF9}.Debug|x86.ActiveCfg = Debug|Any CPU
		{4DA7323F-3D6C-420B-BBBC-8AD85A525DF9}.Debug|x86.Build.0 = Debug|Any CPU
		{4DA7323F-3D6C-420B-BBBC-8AD85A525DF9}.Release|Any CPU.ActiveCfg = Release|Any CPU
		{4DA7323F-3D6C-420B-BBBC-8AD85A525DF9}.Release|Any CPU.Build.0 = Release|Any CPU
		{4DA7323F-3D6C-420B-BBBC-8AD85A525DF9}.Release|x64.ActiveCfg = Release|Any CPU
		{4DA7323F-3D6C-420B-BBBC-8AD85A525DF9}.Release|x64.Build.0 = Release|Any CPU
		{4DA7323F-3D6C-420B-BBBC-8AD85A525DF9}.Release|x86.ActiveCfg = Release|Any CPU
		{4DA7323F-3D6C-420B-BBBC-8AD85A525DF9}.Release|x86.Build.0 = Release|Any CPU
		{72EF4365-F525-4FB9-A59A-04D84EAA7AA4}.Debug|Any CPU.ActiveCfg = Debug|Any CPU
		{72EF4365-F525-4FB9-A59A-04D84EAA7AA4}.Debug|Any CPU.Build.0 = Debug|Any CPU
		{72EF4365-F525-4FB9-A59A-04D84EAA7AA4}.Debug|x64.ActiveCfg = Debug|Any CPU
		{72EF4365-F525-4FB9-A59A-04D84EAA7AA4}.Debug|x64.Build.0 = Debug|Any CPU
		{72EF4365-F525-4FB9-A59A-04D84EAA7AA4}.Debug|x86.ActiveCfg = Debug|Any CPU
		{72EF4365-F525-4FB9-A59A-04D84EAA7AA4}.Debug|x86.Build.0 = Debug|Any CPU
		{72EF4365-F525-4FB9-A59A-04D84EAA7AA4}.Release|Any CPU.ActiveCfg = Release|Any CPU
		{72EF4365-F525-4FB9-A59A-04D84EAA7AA4}.Release|Any CPU.Build.0 = Release|Any CPU
		{72EF4365-F525-4FB9-A59A-04D84EAA7AA4}.Release|x64.ActiveCfg = Release|Any CPU
		{72EF4365-F525-4FB9-A59A-04D84EAA7AA4}.Release|x64.Build.0 = Release|Any CPU
		{72EF4365-F525-4FB9-A59A-04D84EAA7AA4}.Release|x86.ActiveCfg = Release|Any CPU
		{72EF4365-F525-4FB9-A59A-04D84EAA7AA4}.Release|x86.Build.0 = Release|Any CPU
		{21F675B3-C365-4431-B57C-9B0D90706AAB}.Debug|Any CPU.ActiveCfg = Debug|Any CPU
		{21F675B3-C365-4431-B57C-9B0D90706AAB}.Debug|Any CPU.Build.0 = Debug|Any CPU
		{21F675B3-C365-4431-B57C-9B0D90706AAB}.Debug|x64.ActiveCfg = Debug|Any CPU
		{21F675B3-C365-4431-B57C-9B0D90706AAB}.Debug|x64.Build.0 = Debug|Any CPU
		{21F675B3-C365-4431-B57C-9B0D90706AAB}.Debug|x86.ActiveCfg = Debug|Any CPU
		{21F675B3-C365-4431-B57C-9B0D90706AAB}.Debug|x86.Build.0 = Debug|Any CPU
		{21F675B3-C365-4431-B57C-9B0D90706AAB}.Release|Any CPU.ActiveCfg = Release|Any CPU
		{21F675B3-C365-4431-B57C-9B0D90706AAB}.Release|Any CPU.Build.0 = Release|Any CPU
		{21F675B3-C365-4431-B57C-9B0D90706AAB}.Release|x64.ActiveCfg = Release|Any CPU
		{21F675B3-C365-4431-B57C-9B0D90706AAB}.Release|x64.Build.0 = Release|Any CPU
		{21F675B3-C365-4431-B57C-9B0D90706AAB}.Release|x86.ActiveCfg = Release|Any CPU
		{21F675B3-C365-4431-B57C-9B0D90706AAB}.Release|x86.Build.0 = Release|Any CPU
		{6C8FD4B8-9F21-4C3C-BCCE-6242AE238190}.Debug|Any CPU.ActiveCfg = Debug|Any CPU
		{6C8FD4B8-9F21-4C3C-BCCE-6242AE238190}.Debug|Any CPU.Build.0 = Debug|Any CPU
		{6C8FD4B8-9F21-4C3C-BCCE-6242AE238190}.Debug|x64.ActiveCfg = Debug|Any CPU
		{6C8FD4B8-9F21-4C3C-BCCE-6242AE238190}.Debug|x64.Build.0 = Debug|Any CPU
		{6C8FD4B8-9F21-4C3C-BCCE-6242AE238190}.Debug|x86.ActiveCfg = Debug|Any CPU
		{6C8FD4B8-9F21-4C3C-BCCE-6242AE238190}.Debug|x86.Build.0 = Debug|Any CPU
		{6C8FD4B8-9F21-4C3C-BCCE-6242AE238190}.Release|Any CPU.ActiveCfg = Release|Any CPU
		{6C8FD4B8-9F21-4C3C-BCCE-6242AE238190}.Release|Any CPU.Build.0 = Release|Any CPU
		{6C8FD4B8-9F21-4C3C-BCCE-6242AE238190}.Release|x64.ActiveCfg = Release|Any CPU
		{6C8FD4B8-9F21-4C3C-BCCE-6242AE238190}.Release|x64.Build.0 = Release|Any CPU
		{6C8FD4B8-9F21-4C3C-BCCE-6242AE238190}.Release|x86.ActiveCfg = Release|Any CPU
		{6C8FD4B8-9F21-4C3C-BCCE-6242AE238190}.Release|x86.Build.0 = Release|Any CPU
		{7717BF01-9030-46A7-82EB-4ACDEAE2EA2F}.Debug|Any CPU.ActiveCfg = Debug|Any CPU
		{7717BF01-9030-46A7-82EB-4ACDEAE2EA2F}.Debug|Any CPU.Build.0 = Debug|Any CPU
		{7717BF01-9030-46A7-82EB-4ACDEAE2EA2F}.Debug|x64.ActiveCfg = Debug|Any CPU
		{7717BF01-9030-46A7-82EB-4ACDEAE2EA2F}.Debug|x64.Build.0 = Debug|Any CPU
		{7717BF01-9030-46A7-82EB-4ACDEAE2EA2F}.Debug|x86.ActiveCfg = Debug|Any CPU
		{7717BF01-9030-46A7-82EB-4ACDEAE2EA2F}.Debug|x86.Build.0 = Debug|Any CPU
		{7717BF01-9030-46A7-82EB-4ACDEAE2EA2F}.Release|Any CPU.ActiveCfg = Release|Any CPU
		{7717BF01-9030-46A7-82EB-4ACDEAE2EA2F}.Release|Any CPU.Build.0 = Release|Any CPU
		{7717BF01-9030-46A7-82EB-4ACDEAE2EA2F}.Release|x64.ActiveCfg = Release|Any CPU
		{7717BF01-9030-46A7-82EB-4ACDEAE2EA2F}.Release|x64.Build.0 = Release|Any CPU
		{7717BF01-9030-46A7-82EB-4ACDEAE2EA2F}.Release|x86.ActiveCfg = Release|Any CPU
		{7717BF01-9030-46A7-82EB-4ACDEAE2EA2F}.Release|x86.Build.0 = Release|Any CPU
		{1827B176-440C-4497-A6E8-C1285ABE3896}.Debug|Any CPU.ActiveCfg = Debug|Any CPU
		{1827B176-440C-4497-A6E8-C1285ABE3896}.Debug|Any CPU.Build.0 = Debug|Any CPU
		{1827B176-440C-4497-A6E8-C1285ABE3896}.Debug|x64.ActiveCfg = Debug|Any CPU
		{1827B176-440C-4497-A6E8-C1285ABE3896}.Debug|x64.Build.0 = Debug|Any CPU
		{1827B176-440C-4497-A6E8-C1285ABE3896}.Debug|x86.ActiveCfg = Debug|Any CPU
		{1827B176-440C-4497-A6E8-C1285ABE3896}.Debug|x86.Build.0 = Debug|Any CPU
		{1827B176-440C-4497-A6E8-C1285ABE3896}.Release|Any CPU.ActiveCfg = Release|Any CPU
		{1827B176-440C-4497-A6E8-C1285ABE3896}.Release|Any CPU.Build.0 = Release|Any CPU
		{1827B176-440C-4497-A6E8-C1285ABE3896}.Release|x64.ActiveCfg = Release|Any CPU
		{1827B176-440C-4497-A6E8-C1285ABE3896}.Release|x64.Build.0 = Release|Any CPU
		{1827B176-440C-4497-A6E8-C1285ABE3896}.Release|x86.ActiveCfg = Release|Any CPU
		{1827B176-440C-4497-A6E8-C1285ABE3896}.Release|x86.Build.0 = Release|Any CPU
		{6057B9CE-C9FD-47F9-8F56-6F51886A6CE0}.Debug|Any CPU.ActiveCfg = Debug|Any CPU
		{6057B9CE-C9FD-47F9-8F56-6F51886A6CE0}.Debug|Any CPU.Build.0 = Debug|Any CPU
		{6057B9CE-C9FD-47F9-8F56-6F51886A6CE0}.Debug|x64.ActiveCfg = Debug|Any CPU
		{6057B9CE-C9FD-47F9-8F56-6F51886A6CE0}.Debug|x64.Build.0 = Debug|Any CPU
		{6057B9CE-C9FD-47F9-8F56-6F51886A6CE0}.Debug|x86.ActiveCfg = Debug|Any CPU
		{6057B9CE-C9FD-47F9-8F56-6F51886A6CE0}.Debug|x86.Build.0 = Debug|Any CPU
		{6057B9CE-C9FD-47F9-8F56-6F51886A6CE0}.Release|Any CPU.ActiveCfg = Release|Any CPU
		{6057B9CE-C9FD-47F9-8F56-6F51886A6CE0}.Release|Any CPU.Build.0 = Release|Any CPU
		{6057B9CE-C9FD-47F9-8F56-6F51886A6CE0}.Release|x64.ActiveCfg = Release|Any CPU
		{6057B9CE-C9FD-47F9-8F56-6F51886A6CE0}.Release|x64.Build.0 = Release|Any CPU
		{6057B9CE-C9FD-47F9-8F56-6F51886A6CE0}.Release|x86.ActiveCfg = Release|Any CPU
		{6057B9CE-C9FD-47F9-8F56-6F51886A6CE0}.Release|x86.Build.0 = Release|Any CPU
	EndGlobalSection
	GlobalSection(SolutionProperties) = preSolution
		HideSolutionNode = FALSE
	EndGlobalSection
	GlobalSection(NestedProjects) = preSolution
		{55A76CB0-FA15-4A20-ADF7-1E23DD9B3649} = {02EA681E-C7D8-13C7-8484-4AC65E1B71E8}
		{320A848F-D76D-449D-9329-0C8844E69D30} = {303250CA-35A2-4E9E-B756-5E864BF64294}
		{FCDFEEFC-5AEB-4569-9184-E4E76ED03C91} = {7F120B97-8E4B-447E-BC03-9D5467BEFCC4}
		{7728C0E1-4DEB-47E2-95AF-5A1EA8A24D5A} = {02EA681E-C7D8-13C7-8484-4AC65E1B71E8}
		{1E0FD419-8757-4760-BC4C-9C25868228B4} = {02EA681E-C7D8-13C7-8484-4AC65E1B71E8}
		{55AF7205-A70A-47A3-85C8-52441425377F} = {02EA681E-C7D8-13C7-8484-4AC65E1B71E8}
		{14F43DED-D972-4AC2-9CE6-F9A2303D068F} = {7F120B97-8E4B-447E-BC03-9D5467BEFCC4}
		{4DA7323F-3D6C-420B-BBBC-8AD85A525DF9} = {7F120B97-8E4B-447E-BC03-9D5467BEFCC4}
		{72EF4365-F525-4FB9-A59A-04D84EAA7AA4} = {7F120B97-8E4B-447E-BC03-9D5467BEFCC4}
		{21F675B3-C365-4431-B57C-9B0D90706AAB} = {303250CA-35A2-4E9E-B756-5E864BF64294}
		{6C8FD4B8-9F21-4C3C-BCCE-6242AE238190} = {A29C7655-D02F-438C-B924-75DFD94964C7}
		{7717BF01-9030-46A7-82EB-4ACDEAE2EA2F} = {A29C7655-D02F-438C-B924-75DFD94964C7}
		{1827B176-440C-4497-A6E8-C1285ABE3896} = {A29C7655-D02F-438C-B924-75DFD94964C7}
		{6057B9CE-C9FD-47F9-8F56-6F51886A6CE0} = {303250CA-35A2-4E9E-B756-5E864BF64294}
	EndGlobalSection
	GlobalSection(ExtensibilityGlobals) = postSolution
		SolutionGuid = {8780AC97-B746-4F68-AB78-2A429ED0777D}
	EndGlobalSection
EndGlobal
